{
  "name": "types",
  "version": "1.0.0",
  "lockfileVersion": 1,
  "requires": true,
  "dependencies": {
    "@types/serverless": {
      "version": "1.72.5",
      "resolved": "https://registry.npmjs.org/@types/serverless/-/serverless-1.72.5.tgz",
      "integrity": "sha512-yD9miAGJMCVOJiRq0no8wD69aRVGpaN3M4H5H7GijT7DJYh8BqTLfO708mZsp/OfZAGxZmykn1rwMCmN8dhjtg=="
    }
  }
}
